<?xml version="1.0" encoding="utf-8"?>
<Project ToolsVersion="4.0" xmlns="http://schemas.microsoft.com/developer/msbuild/2003">
  <ItemGroup>
    <ClCompile Include="..\src\Camera.cpp" />
    <ClCompile Include="..\src\FileSystem.cpp" />
    <ClCompile Include="..\src\Input.cpp" />
    <ClCompile Include="..\src\Spectator.cpp" />
    <ClCompile Include="..\src\Transform.cpp" />
    <ClCompile Include="..\src\Kiln.cpp" />
    <ClCompile Include="..\src\Vulkan\Vulkan.cpp">
      <Filter>vulkan</Filter>
    </ClCompile>
    <ClCompile Include="..\src\Vulkan\VulkanBuffer.cpp">
      <Filter>vulkan</Filter>
    </ClCompile>
    <ClCompile Include="..\src\Vulkan\VulkanDescriptorPool.cpp">
      <Filter>vulkan</Filter>
    </ClCompile>
    <ClCompile Include="..\src\Vulkan\VulkanDescriptorSetLayoutBuilder.cpp">
      <Filter>vulkan</Filter>
    </ClCompile>
    <ClCompile Include="..\src\Vulkan\VulkanPipeline.cpp">
      <Filter>vulkan</Filter>
    </ClCompile>
    <ClCompile Include="..\src\Vulkan\VulkanRenderPass.cpp">
      <Filter>vulkan</Filter>
    </ClCompile>
    <ClCompile Include="..\src\Vulkan\VulkanSwapchain.cpp">
      <Filter>vulkan</Filter>
    </ClCompile>
    <ClCompile Include="..\src\Window.cpp" />
    <ClCompile Include="..\src\Vulkan\VulkanDescriptorSetUpdater.cpp">
      <Filter>vulkan</Filter>
    </ClCompile>
    <ClCompile Include="..\src\Vulkan\VulkanImage.cpp">
      <Filter>vulkan</Filter>
    </ClCompile>
    <ClCompile Include="..\src\ImageData.cpp" />
    <ClCompile Include="..\src\Vulkan\VulkanDevice.cpp">
      <Filter>vulkan</Filter>
    </ClCompile>
    <ClCompile Include="..\src\MeshData.cpp" />
  </ItemGroup>
  <ItemGroup>
    <ClInclude Include="..\src\Camera.h" />
    <ClInclude Include="..\src\Common.h" />
    <ClInclude Include="..\src\FileSystem.h" />
    <ClInclude Include="..\src\Input.h" />
    <ClInclude Include="..\src\Spectator.h" />
    <ClInclude Include="..\src\Transform.h" />
    <ClInclude Include="..\src\Vulkan\Vulkan.h">
      <Filter>vulkan</Filter>
    </ClInclude>
    <ClInclude Include="..\src\Vulkan\VulkanBuffer.h">
      <Filter>vulkan</Filter>
    </ClInclude>
    <ClInclude Include="..\src\Vulkan\VulkanDescriptorPool.h">
      <Filter>vulkan</Filter>
    </ClInclude>
    <ClInclude Include="..\src\Vulkan\VulkanDescriptorSetLayoutBuilder.h">
      <Filter>vulkan</Filter>
    </ClInclude>
    <ClInclude Include="..\src\Vulkan\VulkanPipeline.h">
      <Filter>vulkan</Filter>
    </ClInclude>
    <ClInclude Include="..\src\Vulkan\VulkanRenderPass.h">
      <Filter>vulkan</Filter>
    </ClInclude>
    <ClInclude Include="..\src\Vulkan\VulkanResource.h">
      <Filter>vulkan</Filter>
    </ClInclude>
    <ClInclude Include="..\src\Vulkan\VulkanSwapchain.h">
      <Filter>vulkan</Filter>
    </ClInclude>
    <ClInclude Include="..\src\Window.h" />
    <ClInclude Include="..\src\Vulkan\VulkanDescriptorSetUpdater.h">
      <Filter>vulkan</Filter>
    </ClInclude>
    <ClInclude Include="..\src\Vulkan\VulkanImage.h">
      <Filter>vulkan</Filter>
    </ClInclude>
    <ClInclude Include="..\src\ImageData.h" />
    <ClInclude Include="..\src\Vulkan\VulkanDevice.h">
      <Filter>vulkan</Filter>
    </ClInclude>
    <ClInclude Include="..\src\MeshData.h" />
    <ClInclude Include="..\src\StringUtils.h" />
  </ItemGroup>
  <ItemGroup>
    <Filter Include="vulkan">
      <UniqueIdentifier>{4d81d1ae-2266-429b-986a-79d92f647307}</UniqueIdentifier>
    </Filter>
  </ItemGroup>
</Project>