<?xml version="1.0" encoding="utf-8"?>
<Project ToolsVersion="4.0" xmlns="http://schemas.microsoft.com/developer/msbuild/2003">
  <ItemGroup>
    <ClCompile Include="..\src\Camera.cpp" />
    <ClCompile Include="..\src\FileSystem.cpp" />
    <ClCompile Include="..\src\Image.cpp" />
    <ClCompile Include="..\src\Input.cpp" />
    <ClCompile Include="..\src\Mega.cpp" />
    <ClCompile Include="..\src\Spectator.cpp" />
    <ClCompile Include="..\src\Transform.cpp" />
    <ClCompile Include="..\src\Vulkan.cpp" />
  </ItemGroup>
  <ItemGroup>
    <ClInclude Include="..\src\Camera.h" />
    <ClInclude Include="..\src\Common.h" />
    <ClInclude Include="..\src\FileSystem.h" />
    <ClInclude Include="..\src\Image.h" />
    <ClInclude Include="..\src\Input.h" />
    <ClInclude Include="..\src\Spectator.h" />
    <ClInclude Include="..\src\Transform.h" />
    <ClInclude Include="..\src\Vulkan.h" />
    <ClInclude Include="..\src\VulkanResource.h" />
  </ItemGroup>
</Project>