<?xml version="1.0" encoding="utf-8"?>
<Project ToolsVersion="4.0" xmlns="http://schemas.microsoft.com/developer/msbuild/2003">
  <ItemGroup>
    <ClCompile Include="..\src\common\Camera.cpp">
      <Filter>Common</Filter>
    </ClCompile>
    <ClCompile Include="..\src\common\FileSystem.cpp">
      <Filter>Common</Filter>
    </ClCompile>
    <ClCompile Include="..\src\common\Image.cpp">
      <Filter>Common</Filter>
    </ClCompile>
    <ClCompile Include="..\src\common\Input.cpp">
      <Filter>Common</Filter>
    </ClCompile>
    <ClCompile Include="..\src\common\OpenGL.cpp">
      <Filter>Common</Filter>
    </ClCompile>
    <ClCompile Include="..\src\common\OpenGLWindow.cpp">
      <Filter>Common</Filter>
    </ClCompile>
    <ClCompile Include="..\src\common\Spectator.cpp">
      <Filter>Common</Filter>
    </ClCompile>
    <ClCompile Include="..\src\common\Transform.cpp">
      <Filter>Common</Filter>
    </ClCompile>
    <ClCompile Include="..\src\Mega.cpp" />
  </ItemGroup>
  <ItemGroup>
    <Filter Include="Common">
      <UniqueIdentifier>{2cf19022-82a1-4395-bac4-a728bfb671c1}</UniqueIdentifier>
    </Filter>
  </ItemGroup>
  <ItemGroup>
    <ClInclude Include="..\src\common\Camera.h">
      <Filter>Common</Filter>
    </ClInclude>
    <ClInclude Include="..\src\common\FileSystem.h">
      <Filter>Common</Filter>
    </ClInclude>
    <ClInclude Include="..\src\common\Image.h">
      <Filter>Common</Filter>
    </ClInclude>
    <ClInclude Include="..\src\common\Input.h">
      <Filter>Common</Filter>
    </ClInclude>
    <ClInclude Include="..\src\common\OpenGL.h">
      <Filter>Common</Filter>
    </ClInclude>
    <ClInclude Include="..\src\common\OpenGLWindow.h">
      <Filter>Common</Filter>
    </ClInclude>
    <ClInclude Include="..\src\common\Spectator.h">
      <Filter>Common</Filter>
    </ClInclude>
    <ClInclude Include="..\src\common\Transform.h">
      <Filter>Common</Filter>
    </ClInclude>
  </ItemGroup>
</Project>