<?xml version="1.0" encoding="utf-8"?>
<Project ToolsVersion="4.0" xmlns="http://schemas.microsoft.com/developer/msbuild/2003">
  <ItemGroup>
    <ClCompile Include="..\..\src\Demo1\Demo1.cpp" />
    <ClCompile Include="..\..\src\Demo1\OpenGLWindow.cpp" />
    <ClCompile Include="..\..\src\Demo1\Degree.cpp" />
    <ClCompile Include="..\..\src\Demo1\Radian.cpp" />
    <ClCompile Include="..\..\src\Demo1\Vector3.cpp" />
    <ClCompile Include="..\..\src\Demo1\Matrix.cpp" />
    <ClCompile Include="..\..\src\Demo1\TransformMatrix.cpp" />
    <ClCompile Include="..\..\src\Demo1\Quaternion.cpp" />
    <ClCompile Include="..\..\src\Demo1\Ray.cpp" />
    <ClCompile Include="..\..\src\Demo1\Transform.cpp" />
    <ClCompile Include="..\..\src\Demo1\OpenGL.cpp" />
    <ClCompile Include="..\..\src\Demo1\Vector4.cpp" />
    <ClCompile Include="..\..\src\Demo1\Camera.cpp" />
  </ItemGroup>
  <ItemGroup>
    <ClInclude Include="..\..\src\Demo1\OpenGLWindow.h" />
    <ClInclude Include="..\..\src\Demo1\Vector3.h" />
    <ClInclude Include="..\..\src\Demo1\Degree.h" />
    <ClInclude Include="..\..\src\Demo1\Radian.h" />
    <ClInclude Include="..\..\src\Demo1\Math.h" />
    <ClInclude Include="..\..\src\Demo1\Matrix.h" />
    <ClInclude Include="..\..\src\Demo1\TransformMatrix.h" />
    <ClInclude Include="..\..\src\Demo1\Quaternion.h" />
    <ClInclude Include="..\..\src\Demo1\Ray.h" />
    <ClInclude Include="..\..\src\Demo1\Transform.h" />
    <ClInclude Include="..\..\src\Demo1\OpenGL.h" />
    <ClInclude Include="..\..\src\Demo1\Camera.h" />
    <ClInclude Include="..\..\src\Demo1\Vector4.h" />
  </ItemGroup>
</Project>