<?xml version="1.0" encoding="utf-8"?>
<Project ToolsVersion="4.0" xmlns="http://schemas.microsoft.com/developer/msbuild/2003">
  <ItemGroup>
    <ClCompile Include="..\..\src\Demo1\Demo1.cpp" />
    <ClCompile Include="..\..\src\Common\Camera.cpp">
      <Filter>Common</Filter>
    </ClCompile>
    <ClCompile Include="..\..\src\Common\FileSystem.cpp">
      <Filter>Common</Filter>
    </ClCompile>
    <ClCompile Include="..\..\src\Common\Image.cpp">
      <Filter>Common</Filter>
    </ClCompile>
    <ClCompile Include="..\..\src\Common\Input.cpp">
      <Filter>Common</Filter>
    </ClCompile>
    <ClCompile Include="..\..\src\Common\OpenGL.cpp">
      <Filter>Common</Filter>
    </ClCompile>
    <ClCompile Include="..\..\src\Common\OpenGLWindow.cpp">
      <Filter>Common</Filter>
    </ClCompile>
    <ClCompile Include="..\..\src\Common\Spectator.cpp">
      <Filter>Common</Filter>
    </ClCompile>
    <ClCompile Include="..\..\src\Common\Transform.cpp">
      <Filter>Common</Filter>
    </ClCompile>
  </ItemGroup>
  <ItemGroup>
    <Filter Include="Common">
      <UniqueIdentifier>{2cf19022-82a1-4395-bac4-a728bfb671c1}</UniqueIdentifier>
    </Filter>
  </ItemGroup>
  <ItemGroup>
    <ClInclude Include="..\..\src\Common\Camera.h">
      <Filter>Common</Filter>
    </ClInclude>
    <ClInclude Include="..\..\src\Common\FileSystem.h">
      <Filter>Common</Filter>
    </ClInclude>
    <ClInclude Include="..\..\src\Common\Image.h">
      <Filter>Common</Filter>
    </ClInclude>
    <ClInclude Include="..\..\src\Common\Input.h">
      <Filter>Common</Filter>
    </ClInclude>
    <ClInclude Include="..\..\src\Common\Math.h">
      <Filter>Common</Filter>
    </ClInclude>
    <ClInclude Include="..\..\src\Common\OpenGL.h">
      <Filter>Common</Filter>
    </ClInclude>
    <ClInclude Include="..\..\src\Common\OpenGLWindow.h">
      <Filter>Common</Filter>
    </ClInclude>
    <ClInclude Include="..\..\src\Common\Spectator.h">
      <Filter>Common</Filter>
    </ClInclude>
    <ClInclude Include="..\..\src\Common\Transform.h">
      <Filter>Common</Filter>
    </ClInclude>
  </ItemGroup>
</Project>